
Microsoft Visual Studio Solution File, Format Version 12.00
# Visual Studio 15
VisualStudioVersion = 15.0.28307.168
MinimumVisualStudioVersion = 10.0.40219.1
Project("{FAE04EC0-301F-11D3-BF4B-00C04F79EFBC}") = "SistemaTomaPedisdos.Android", "SistemaTomaPedisdos\SistemaTomaPedisdos.Android\SistemaTomaPedisdos.Android.csproj", "{B8C3BE77-7ADD-4E3E-B71B-15BAD6485A05}"
EndProject
Project("{FAE04EC0-301F-11D3-BF4B-00C04F79EFBC}") = "SistemaTomaPedisdos.iOS", "SistemaTomaPedisdos\SistemaTomaPedisdos.iOS\SistemaTomaPedisdos.iOS.csproj", "{3B578A3C-6CBA-4FFD-BC96-665AEA20CA21}"
EndProject
Project("{FAE04EC0-301F-11D3-BF4B-00C04F79EFBC}") = "SistemaTomaPedisdos", "SistemaTomaPedisdos\SistemaTomaPedisdos\SistemaTomaPedisdos.csproj", "{C0CCC648-E8C5-4B1F-9315-28479C4D634C}"
EndProject
Global
	GlobalSection(SolutionConfigurationPlatforms) = preSolution
		Ad-Hoc|Any CPU = Ad-Hoc|Any CPU
		Ad-Hoc|iPhone = Ad-Hoc|iPhone
		Ad-Hoc|iPhoneSimulator = Ad-Hoc|iPhoneSimulator
		AppStore|Any CPU = AppStore|Any CPU
		AppStore|iPhone = AppStore|iPhone
		AppStore|iPhoneSimulator = AppStore|iPhoneSimulator
		Debug|Any CPU = Debug|Any CPU
		Debug|iPhone = Debug|iPhone
		Debug|iPhoneSimulator = Debug|iPhoneSimulator
		Release|Any CPU = Release|Any CPU
		Release|iPhone = Release|iPhone
		Release|iPhoneSimulator = Release|iPhoneSimulator
	EndGlobalSection
	GlobalSection(ProjectConfigurationPlatforms) = postSolution
		{B8C3BE77-7ADD-4E3E-B71B-15BAD6485A05}.Ad-Hoc|Any CPU.ActiveCfg = Release|Any CPU
		{B8C3BE77-7ADD-4E3E-B71B-15BAD6485A05}.Ad-Hoc|Any CPU.Build.0 = Release|Any CPU
		{B8C3BE77-7ADD-4E3E-B71B-15BAD6485A05}.Ad-Hoc|Any CPU.Deploy.0 = Release|Any CPU
		{B8C3BE77-7ADD-4E3E-B71B-15BAD6485A05}.Ad-Hoc|iPhone.ActiveCfg = Release|Any CPU
		{B8C3BE77-7ADD-4E3E-B71B-15BAD6485A05}.Ad-Hoc|iPhone.Build.0 = Release|Any CPU
		{B8C3BE77-7ADD-4E3E-B71B-15BAD6485A05}.Ad-Hoc|iPhone.Deploy.0 = Release|Any CPU
		{B8C3BE77-7ADD-4E3E-B71B-15BAD6485A05}.Ad-Hoc|iPhoneSimulator.ActiveCfg = Release|Any CPU
		{B8C3BE77-7ADD-4E3E-B71B-15BAD6485A05}.Ad-Hoc|iPhoneSimulator.Build.0 = Release|Any CPU
		{B8C3BE77-7ADD-4E3E-B71B-15BAD6485A05}.Ad-Hoc|iPhoneSimulator.Deploy.0 = Release|Any CPU
		{B8C3BE77-7ADD-4E3E-B71B-15BAD6485A05}.AppStore|Any CPU.ActiveCfg = Release|Any CPU
		{B8C3BE77-7ADD-4E3E-B71B-15BAD6485A05}.AppStore|Any CPU.Build.0 = Release|Any CPU
		{B8C3BE77-7ADD-4E3E-B71B-15BAD6485A05}.AppStore|Any CPU.Deploy.0 = Release|Any CPU
		{B8C3BE77-7ADD-4E3E-B71B-15BAD6485A05}.AppStore|iPhone.ActiveCfg = Release|Any CPU
		{B8C3BE77-7ADD-4E3E-B71B-15BAD6485A05}.AppStore|iPhone.Build.0 = Release|Any CPU
		{B8C3BE77-7ADD-4E3E-B71B-15BAD6485A05}.AppStore|iPhone.Deploy.0 = Release|Any CPU
		{B8C3BE77-7ADD-4E3E-B71B-15BAD6485A05}.AppStore|iPhoneSimulator.ActiveCfg = Release|Any CPU
		{B8C3BE77-7ADD-4E3E-B71B-15BAD6485A05}.AppStore|iPhoneSimulator.Build.0 = Release|Any CPU
		{B8C3BE77-7ADD-4E3E-B71B-15BAD6485A05}.AppStore|iPhoneSimulator.Deploy.0 = Release|Any CPU
		{B8C3BE77-7ADD-4E3E-B71B-15BAD6485A05}.Debug|Any CPU.ActiveCfg = Debug|Any CPU
		{B8C3BE77-7ADD-4E3E-B71B-15BAD6485A05}.Debug|Any CPU.Build.0 = Debug|Any CPU
		{B8C3BE77-7ADD-4E3E-B71B-15BAD6485A05}.Debug|Any CPU.Deploy.0 = Debug|Any CPU
		{B8C3BE77-7ADD-4E3E-B71B-15BAD6485A05}.Debug|iPhone.ActiveCfg = Debug|Any CPU
		{B8C3BE77-7ADD-4E3E-B71B-15BAD6485A05}.Debug|iPhone.Build.0 = Debug|Any CPU
		{B8C3BE77-7ADD-4E3E-B71B-15BAD6485A05}.Debug|iPhone.Deploy.0 = Debug|Any CPU
		{B8C3BE77-7ADD-4E3E-B71B-15BAD6485A05}.Debug|iPhoneSimulator.ActiveCfg = Debug|Any CPU
		{B8C3BE77-7ADD-4E3E-B71B-15BAD6485A05}.Debug|iPhoneSimulator.Build.0 = Debug|Any CPU
		{B8C3BE77-7ADD-4E3E-B71B-15BAD6485A05}.Debug|iPhoneSimulator.Deploy.0 = Debug|Any CPU
		{B8C3BE77-7ADD-4E3E-B71B-15BAD6485A05}.Release|Any CPU.ActiveCfg = Release|Any CPU
		{B8C3BE77-7ADD-4E3E-B71B-15BAD6485A05}.Release|Any CPU.Build.0 = Release|Any CPU
		{B8C3BE77-7ADD-4E3E-B71B-15BAD6485A05}.Release|Any CPU.Deploy.0 = Release|Any CPU
		{B8C3BE77-7ADD-4E3E-B71B-15BAD6485A05}.Release|iPhone.ActiveCfg = Release|Any CPU
		{B8C3BE77-7ADD-4E3E-B71B-15BAD6485A05}.Release|iPhone.Build.0 = Release|Any CPU
		{B8C3BE77-7ADD-4E3E-B71B-15BAD6485A05}.Release|iPhone.Deploy.0 = Release|Any CPU
		{B8C3BE77-7ADD-4E3E-B71B-15BAD6485A05}.Release|iPhoneSimulator.ActiveCfg = Release|Any CPU
		{B8C3BE77-7ADD-4E3E-B71B-15BAD6485A05}.Release|iPhoneSimulator.Build.0 = Release|Any CPU
		{B8C3BE77-7ADD-4E3E-B71B-15BAD6485A05}.Release|iPhoneSimulator.Deploy.0 = Release|Any CPU
		{3B578A3C-6CBA-4FFD-BC96-665AEA20CA21}.Ad-Hoc|Any CPU.ActiveCfg = Ad-Hoc|iPhone
		{3B578A3C-6CBA-4FFD-BC96-665AEA20CA21}.Ad-Hoc|Any CPU.Build.0 = Ad-Hoc|iPhone
		{3B578A3C-6CBA-4FFD-BC96-665AEA20CA21}.Ad-Hoc|Any CPU.Deploy.0 = Ad-Hoc|iPhone
		{3B578A3C-6CBA-4FFD-BC96-665AEA20CA21}.Ad-Hoc|iPhone.ActiveCfg = Ad-Hoc|iPhone
		{3B578A3C-6CBA-4FFD-BC96-665AEA20CA21}.Ad-Hoc|iPhone.Build.0 = Ad-Hoc|iPhone
		{3B578A3C-6CBA-4FFD-BC96-665AEA20CA21}.Ad-Hoc|iPhone.Deploy.0 = Ad-Hoc|iPhone
		{3B578A3C-6CBA-4FFD-BC96-665AEA20CA21}.Ad-Hoc|iPhoneSimulator.ActiveCfg = Ad-Hoc|iPhoneSimulator
		{3B578A3C-6CBA-4FFD-BC96-665AEA20CA21}.Ad-Hoc|iPhoneSimulator.Build.0 = Ad-Hoc|iPhoneSimulator
		{3B578A3C-6CBA-4FFD-BC96-665AEA20CA21}.Ad-Hoc|iPhoneSimulator.Deploy.0 = Ad-Hoc|iPhoneSimulator
		{3B578A3C-6CBA-4FFD-BC96-665AEA20CA21}.AppStore|Any CPU.ActiveCfg = AppStore|iPhone
		{3B578A3C-6CBA-4FFD-BC96-665AEA20CA21}.AppStore|Any CPU.Build.0 = AppStore|iPhone
		{3B578A3C-6CBA-4FFD-BC96-665AEA20CA21}.AppStore|Any CPU.Deploy.0 = AppStore|iPhone
		{3B578A3C-6CBA-4FFD-BC96-665AEA20CA21}.AppStore|iPhone.ActiveCfg = AppStore|iPhone
		{3B578A3C-6CBA-4FFD-BC96-665AEA20CA21}.AppStore|iPhone.Build.0 = AppStore|iPhone
		{3B578A3C-6CBA-4FFD-BC96-665AEA20CA21}.AppStore|iPhone.Deploy.0 = AppStore|iPhone
		{3B578A3C-6CBA-4FFD-BC96-665AEA20CA21}.AppStore|iPhoneSimulator.ActiveCfg = AppStore|iPhoneSimulator
		{3B578A3C-6CBA-4FFD-BC96-665AEA20CA21}.AppStore|iPhoneSimulator.Build.0 = AppStore|iPhoneSimulator
		{3B578A3C-6CBA-4FFD-BC96-665AEA20CA21}.AppStore|iPhoneSimulator.Deploy.0 = AppStore|iPhoneSimulator
		{3B578A3C-6CBA-4FFD-BC96-665AEA20CA21}.Debug|Any CPU.ActiveCfg = Debug|iPhoneSimulator
		{3B578A3C-6CBA-4FFD-BC96-665AEA20CA21}.Debug|Any CPU.Build.0 = Debug|iPhoneSimulator
		{3B578A3C-6CBA-4FFD-BC96-665AEA20CA21}.Debug|Any CPU.Deploy.0 = Debug|iPhoneSimulator
		{3B578A3C-6CBA-4FFD-BC96-665AEA20CA21}.Debug|iPhone.ActiveCfg = Debug|iPhone
		{3B578A3C-6CBA-4FFD-BC96-665AEA20CA21}.Debug|iPhone.Build.0 = Debug|iPhone
		{3B578A3C-6CBA-4FFD-BC96-665AEA20CA21}.Debug|iPhone.Deploy.0 = Debug|iPhone
		{3B578A3C-6CBA-4FFD-BC96-665AEA20CA21}.Debug|iPhoneSimulator.ActiveCfg = Debug|iPhoneSimulator
		{3B578A3C-6CBA-4FFD-BC96-665AEA20CA21}.Debug|iPhoneSimulator.Build.0 = Debug|iPhoneSimulator
		{3B578A3C-6CBA-4FFD-BC96-665AEA20CA21}.Debug|iPhoneSimulator.Deploy.0 = Debug|iPhoneSimulator
		{3B578A3C-6CBA-4FFD-BC96-665AEA20CA21}.Release|Any CPU.ActiveCfg = Release|iPhone
		{3B578A3C-6CBA-4FFD-BC96-665AEA20CA21}.Release|Any CPU.Build.0 = Release|iPhone
		{3B578A3C-6CBA-4FFD-BC96-665AEA20CA21}.Release|Any CPU.Deploy.0 = Release|iPhone
		{3B578A3C-6CBA-4FFD-BC96-665AEA20CA21}.Release|iPhone.ActiveCfg = Release|iPhone
		{3B578A3C-6CBA-4FFD-BC96-665AEA20CA21}.Release|iPhone.Build.0 = Release|iPhone
		{3B578A3C-6CBA-4FFD-BC96-665AEA20CA21}.Release|iPhone.Deploy.0 = Release|iPhone
		{3B578A3C-6CBA-4FFD-BC96-665AEA20CA21}.Release|iPhoneSimulator.ActiveCfg = Release|iPhoneSimulator
		{3B578A3C-6CBA-4FFD-BC96-665AEA20CA21}.Release|iPhoneSimulator.Build.0 = Release|iPhoneSimulator
		{3B578A3C-6CBA-4FFD-BC96-665AEA20CA21}.Release|iPhoneSimulator.Deploy.0 = Release|iPhoneSimulator
		{C0CCC648-E8C5-4B1F-9315-28479C4D634C}.Ad-Hoc|Any CPU.ActiveCfg = Debug|Any CPU
		{C0CCC648-E8C5-4B1F-9315-28479C4D634C}.Ad-Hoc|Any CPU.Build.0 = Debug|Any CPU
		{C0CCC648-E8C5-4B1F-9315-28479C4D634C}.Ad-Hoc|Any CPU.Deploy.0 = Debug|Any CPU
		{C0CCC648-E8C5-4B1F-9315-28479C4D634C}.Ad-Hoc|iPhone.ActiveCfg = Debug|Any CPU
		{C0CCC648-E8C5-4B1F-9315-28479C4D634C}.Ad-Hoc|iPhone.Build.0 = Debug|Any CPU
		{C0CCC648-E8C5-4B1F-9315-28479C4D634C}.Ad-Hoc|iPhone.Deploy.0 = Debug|Any CPU
		{C0CCC648-E8C5-4B1F-9315-28479C4D634C}.Ad-Hoc|iPhoneSimulator.ActiveCfg = Debug|Any CPU
		{C0CCC648-E8C5-4B1F-9315-28479C4D634C}.Ad-Hoc|iPhoneSimulator.Build.0 = Debug|Any CPU
		{C0CCC648-E8C5-4B1F-9315-28479C4D634C}.Ad-Hoc|iPhoneSimulator.Deploy.0 = Debug|Any CPU
		{C0CCC648-E8C5-4B1F-9315-28479C4D634C}.AppStore|Any CPU.ActiveCfg = Debug|Any CPU
		{C0CCC648-E8C5-4B1F-9315-28479C4D634C}.AppStore|Any CPU.Build.0 = Debug|Any CPU
		{C0CCC648-E8C5-4B1F-9315-28479C4D634C}.AppStore|Any CPU.Deploy.0 = Debug|Any CPU
		{C0CCC648-E8C5-4B1F-9315-28479C4D634C}.AppStore|iPhone.ActiveCfg = Debug|Any CPU
		{C0CCC648-E8C5-4B1F-9315-28479C4D634C}.AppStore|iPhone.Build.0 = Debug|Any CPU
		{C0CCC648-E8C5-4B1F-9315-28479C4D634C}.AppStore|iPhone.Deploy.0 = Debug|Any CPU
		{C0CCC648-E8C5-4B1F-9315-28479C4D634C}.AppStore|iPhoneSimulator.ActiveCfg = Debug|Any CPU
		{C0CCC648-E8C5-4B1F-9315-28479C4D634C}.AppStore|iPhoneSimulator.Build.0 = Debug|Any CPU
		{C0CCC648-E8C5-4B1F-9315-28479C4D634C}.AppStore|iPhoneSimulator.Deploy.0 = Debug|Any CPU
		{C0CCC648-E8C5-4B1F-9315-28479C4D634C}.Debug|Any CPU.ActiveCfg = Debug|Any CPU
		{C0CCC648-E8C5-4B1F-9315-28479C4D634C}.Debug|Any CPU.Build.0 = Debug|Any CPU
		{C0CCC648-E8C5-4B1F-9315-28479C4D634C}.Debug|Any CPU.Deploy.0 = Debug|Any CPU
		{C0CCC648-E8C5-4B1F-9315-28479C4D634C}.Debug|iPhone.ActiveCfg = Debug|Any CPU
		{C0CCC648-E8C5-4B1F-9315-28479C4D634C}.Debug|iPhone.Build.0 = Debug|Any CPU
		{C0CCC648-E8C5-4B1F-9315-28479C4D634C}.Debug|iPhone.Deploy.0 = Debug|Any CPU
		{C0CCC648-E8C5-4B1F-9315-28479C4D634C}.Debug|iPhoneSimulator.ActiveCfg = Debug|Any CPU
		{C0CCC648-E8C5-4B1F-9315-28479C4D634C}.Debug|iPhoneSimulator.Build.0 = Debug|Any CPU
		{C0CCC648-E8C5-4B1F-9315-28479C4D634C}.Debug|iPhoneSimulator.Deploy.0 = Debug|Any CPU
		{C0CCC648-E8C5-4B1F-9315-28479C4D634C}.Release|Any CPU.ActiveCfg = Release|Any CPU
		{C0CCC648-E8C5-4B1F-9315-28479C4D634C}.Release|Any CPU.Build.0 = Release|Any CPU
		{C0CCC648-E8C5-4B1F-9315-28479C4D634C}.Release|Any CPU.Deploy.0 = Release|Any CPU
		{C0CCC648-E8C5-4B1F-9315-28479C4D634C}.Release|iPhone.ActiveCfg = Release|Any CPU
		{C0CCC648-E8C5-4B1F-9315-28479C4D634C}.Release|iPhone.Build.0 = Release|Any CPU
		{C0CCC648-E8C5-4B1F-9315-28479C4D634C}.Release|iPhone.Deploy.0 = Release|Any CPU
		{C0CCC648-E8C5-4B1F-9315-28479C4D634C}.Release|iPhoneSimulator.ActiveCfg = Release|Any CPU
		{C0CCC648-E8C5-4B1F-9315-28479C4D634C}.Release|iPhoneSimulator.Build.0 = Release|Any CPU
		{C0CCC648-E8C5-4B1F-9315-28479C4D634C}.Release|iPhoneSimulator.Deploy.0 = Release|Any CPU
	EndGlobalSection
	GlobalSection(SolutionProperties) = preSolution
		HideSolutionNode = FALSE
	EndGlobalSection
	GlobalSection(ExtensibilityGlobals) = postSolution
		SolutionGuid = {60C0D334-08CF-42B5-8B19-F11FDAE63215}
	EndGlobalSection
EndGlobal
